
Microsoft Visual Studio Solution File, Format Version 12.00
# Visual Studio Version 16
VisualStudioVersion = 16.0.30717.126
MinimumVisualStudioVersion = 10.0.40219.1
Project("{FAE04EC0-301F-11D3-BF4B-00C04F79EFBC}") = "Laba_1", "Laba_1.csproj", "{6095A986-CFF9-443C-BA13-ED5FD7B5BF50}"
EndProject
Global
	GlobalSection(SolutionConfigurationPlatforms) = preSolution
		Debug|Any CPU = Debug|Any CPU
		Release|Any CPU = Release|Any CPU
	EndGlobalSection
	GlobalSection(ProjectConfigurationPlatforms) = postSolution
		{6095A986-CFF9-443C-BA13-ED5FD7B5BF50}.Debug|Any CPU.ActiveCfg = Debug|Any CPU
		{6095A986-CFF9-443C-BA13-ED5FD7B5BF50}.Debug|Any CPU.Build.0 = Debug|Any CPU
		{6095A986-CFF9-443C-BA13-ED5FD7B5BF50}.Release|Any CPU.ActiveCfg = Release|Any CPU
		{6095A986-CFF9-443C-BA13-ED5FD7B5BF50}.Release|Any CPU.Build.0 = Release|Any CPU
	EndGlobalSection
	GlobalSection(SolutionProperties) = preSolution
		HideSolutionNode = FALSE
	EndGlobalSection
	GlobalSection(ExtensibilityGlobals) = postSolution
		SolutionGuid = {DA8830EA-0D4E-48A6-828D-17A143DD03D8}
	EndGlobalSection
EndGlobal
